
Microsoft Visual Studio Solution File, Format Version 12.00
# Visual Studio Version 16
VisualStudioVersion = 16.0.30517.126
MinimumVisualStudioVersion = 10.0.40219.1
Project("{FAE04EC0-301F-11D3-BF4B-00C04F79EFBC}") = "1-sequence-and-selection---csharp", "1-sequence-and-selection---csharp\1-sequence-and-selection---csharp.csproj", "{97D67B3A-BC93-4AE1-A7C5-32318521C410}"
EndProject
Global
	GlobalSection(SolutionConfigurationPlatforms) = preSolution
		Debug|Any CPU = Debug|Any CPU
		Release|Any CPU = Release|Any CPU
	EndGlobalSection
	GlobalSection(ProjectConfigurationPlatforms) = postSolution
		{97D67B3A-BC93-4AE1-A7C5-32318521C410}.Debug|Any CPU.ActiveCfg = Debug|Any CPU
		{97D67B3A-BC93-4AE1-A7C5-32318521C410}.Debug|Any CPU.Build.0 = Debug|Any CPU
		{97D67B3A-BC93-4AE1-A7C5-32318521C410}.Release|Any CPU.ActiveCfg = Release|Any CPU
		{97D67B3A-BC93-4AE1-A7C5-32318521C410}.Release|Any CPU.Build.0 = Release|Any CPU
	EndGlobalSection
	GlobalSection(SolutionProperties) = preSolution
		HideSolutionNode = FALSE
	EndGlobalSection
	GlobalSection(ExtensibilityGlobals) = postSolution
		SolutionGuid = {DB29DF90-FF48-4A6D-9D3E-4CC7DD53B25B}
	EndGlobalSection
EndGlobal
